
Microsoft Visual Studio Solution File, Format Version 12.00
Project("{FAE04EC0-301F-11D3-BF4B-00C04F79EFBC}") = "GymApp.Api", "GymApp.Api\GymApp.Api.csproj", "{C25356A2-F764-46EB-9FA8-2FE363DAAFC0}"
EndProject
Project("{FAE04EC0-301F-11D3-BF4B-00C04F79EFBC}") = "GymApp.Domain", "GymApp.Domain\GymApp.Domain.csproj", "{C95F30F5-A27C-4BA2-B404-6914CC87CFB5}"
EndProject
Project("{FAE04EC0-301F-11D3-BF4B-00C04F79EFBC}") = "GymApp.Infrastrucure", "GymApp.Infrastrucure\GymApp.Infrastrucure.csproj", "{067D3FDF-6F0D-414E-9AFE-8B0E45085BBD}"
EndProject
Global
	GlobalSection(SolutionConfigurationPlatforms) = preSolution
		Debug|Any CPU = Debug|Any CPU
		Release|Any CPU = Release|Any CPU
	EndGlobalSection
	GlobalSection(ProjectConfigurationPlatforms) = postSolution
		{C25356A2-F764-46EB-9FA8-2FE363DAAFC0}.Debug|Any CPU.ActiveCfg = Debug|Any CPU
		{C25356A2-F764-46EB-9FA8-2FE363DAAFC0}.Debug|Any CPU.Build.0 = Debug|Any CPU
		{C25356A2-F764-46EB-9FA8-2FE363DAAFC0}.Release|Any CPU.ActiveCfg = Release|Any CPU
		{C25356A2-F764-46EB-9FA8-2FE363DAAFC0}.Release|Any CPU.Build.0 = Release|Any CPU
		{C95F30F5-A27C-4BA2-B404-6914CC87CFB5}.Debug|Any CPU.ActiveCfg = Debug|Any CPU
		{C95F30F5-A27C-4BA2-B404-6914CC87CFB5}.Debug|Any CPU.Build.0 = Debug|Any CPU
		{C95F30F5-A27C-4BA2-B404-6914CC87CFB5}.Release|Any CPU.ActiveCfg = Release|Any CPU
		{C95F30F5-A27C-4BA2-B404-6914CC87CFB5}.Release|Any CPU.Build.0 = Release|Any CPU
		{067D3FDF-6F0D-414E-9AFE-8B0E45085BBD}.Debug|Any CPU.ActiveCfg = Debug|Any CPU
		{067D3FDF-6F0D-414E-9AFE-8B0E45085BBD}.Debug|Any CPU.Build.0 = Debug|Any CPU
		{067D3FDF-6F0D-414E-9AFE-8B0E45085BBD}.Release|Any CPU.ActiveCfg = Release|Any CPU
		{067D3FDF-6F0D-414E-9AFE-8B0E45085BBD}.Release|Any CPU.Build.0 = Release|Any CPU
	EndGlobalSection
EndGlobal
